Microsoft Visual Studio Solution File, Format Version 12.00
# Visual Studio Version 17
VisualStudioVersion = 17.5.2.0
MinimumVisualStudioVersion = 10.0.40219.1
Project("{FAE04EC0-301F-11D3-BF4B-00C04F79EFBC}") = "StackTracer", "StackTracer.csproj", "{2C1F50BC-043D-AF8F-FC41-6AACC6B81F96}"
EndProject
Global
	GlobalSection(SolutionConfigurationPlatforms) = preSolution
		Debug|Any CPU = Debug|Any CPU
		Release|Any CPU = Release|Any CPU
	EndGlobalSection
	GlobalSection(ProjectConfigurationPlatforms) = postSolution
		{2C1F50BC-043D-AF8F-FC41-6AACC6B81F96}.Debug|Any CPU.ActiveCfg = Debug|Any CPU
		{2C1F50BC-043D-AF8F-FC41-6AACC6B81F96}.Debug|Any CPU.Build.0 = Debug|Any CPU
		{2C1F50BC-043D-AF8F-FC41-6AACC6B81F96}.Release|Any CPU.ActiveCfg = Release|Any CPU
		{2C1F50BC-043D-AF8F-FC41-6AACC6B81F96}.Release|Any CPU.Build.0 = Release|Any CPU
	EndGlobalSection
	GlobalSection(SolutionProperties) = preSolution
		HideSolutionNode = FALSE
	EndGlobalSection
	GlobalSection(ExtensibilityGlobals) = postSolution
		SolutionGuid = {A9CBED54-7E49-4E04-ACC6-F9F240614F26}
	EndGlobalSection
EndGlobal
